
Microsoft Visual Studio Solution File, Format Version 12.00
# Visual Studio Version 17
VisualStudioVersion = 17.5.33414.496
MinimumVisualStudioVersion = 10.0.40219.1
Project("{FAE04EC0-301F-11D3-BF4B-00C04F79EFBC}") = "RealCalculator", "RealCalculator\RealCalculator.csproj", "{26253C64-CF8C-4E20-92AE-5045405EEF40}"
EndProject
Project("{FAE04EC0-301F-11D3-BF4B-00C04F79EFBC}") = "AverageNumber", "AverageNumber\AverageNumber.csproj", "{69B0140D-171F-4C4D-AE32-18354FD0324D}"
EndProject
Project("{FAE04EC0-301F-11D3-BF4B-00C04F79EFBC}") = "SwapNumbers", "SwapNumbers\SwapNumbers.csproj", "{259CF12B-32E7-471E-A935-FC32CBBEC8BB}"
EndProject
Global
	GlobalSection(SolutionConfigurationPlatforms) = preSolution
		Debug|Any CPU = Debug|Any CPU
		Release|Any CPU = Release|Any CPU
	EndGlobalSection
	GlobalSection(ProjectConfigurationPlatforms) = postSolution
		{26253C64-CF8C-4E20-92AE-5045405EEF40}.Debug|Any CPU.ActiveCfg = Debug|Any CPU
		{26253C64-CF8C-4E20-92AE-5045405EEF40}.Debug|Any CPU.Build.0 = Debug|Any CPU
		{26253C64-CF8C-4E20-92AE-5045405EEF40}.Release|Any CPU.ActiveCfg = Release|Any CPU
		{26253C64-CF8C-4E20-92AE-5045405EEF40}.Release|Any CPU.Build.0 = Release|Any CPU
		{69B0140D-171F-4C4D-AE32-18354FD0324D}.Debug|Any CPU.ActiveCfg = Debug|Any CPU
		{69B0140D-171F-4C4D-AE32-18354FD0324D}.Debug|Any CPU.Build.0 = Debug|Any CPU
		{69B0140D-171F-4C4D-AE32-18354FD0324D}.Release|Any CPU.ActiveCfg = Release|Any CPU
		{69B0140D-171F-4C4D-AE32-18354FD0324D}.Release|Any CPU.Build.0 = Release|Any CPU
		{259CF12B-32E7-471E-A935-FC32CBBEC8BB}.Debug|Any CPU.ActiveCfg = Debug|Any CPU
		{259CF12B-32E7-471E-A935-FC32CBBEC8BB}.Debug|Any CPU.Build.0 = Debug|Any CPU
		{259CF12B-32E7-471E-A935-FC32CBBEC8BB}.Release|Any CPU.ActiveCfg = Release|Any CPU
		{259CF12B-32E7-471E-A935-FC32CBBEC8BB}.Release|Any CPU.Build.0 = Release|Any CPU
	EndGlobalSection
	GlobalSection(SolutionProperties) = preSolution
		HideSolutionNode = FALSE
	EndGlobalSection
	GlobalSection(ExtensibilityGlobals) = postSolution
		SolutionGuid = {F81BC7DA-3D54-4CB5-87D7-1C194FD06336}
	EndGlobalSection
EndGlobal
